
Microsoft Visual Studio Solution File, Format Version 12.00
# Visual Studio Version 18
VisualStudioVersion = 18.9.12128.139 oobstable
MinimumVisualStudioVersion = 10.0.40219.1
Project("{FAE04EC0-301F-11D3-BF4B-00C04F79EFBC}") = "SplashBot_2", "source\SplashBot_2.csproj", "{0E5A2FDF-8504-8719-044D-005AD486F7D3}"
EndProject
Global
	GlobalSection(SolutionConfigurationPlatforms) = preSolution
		Debug|Any CPU = Debug|Any CPU
		Release|Any CPU = Release|Any CPU
	EndGlobalSection
	GlobalSection(ProjectConfigurationPlatforms) = postSolution
		{0E5A2FDF-8504-8719-044D-005AD486F7D3}.Debug|Any CPU.ActiveCfg = Debug|Any CPU
		{0E5A2FDF-8504-8719-044D-005AD486F7D3}.Debug|Any CPU.Build.0 = Debug|Any CPU
		{0E5A2FDF-8504-8719-044D-005AD486F7D3}.Release|Any CPU.ActiveCfg = Release|Any CPU
		{0E5A2FDF-8504-8719-044D-005AD486F7D3}.Release|Any CPU.Build.0 = Release|Any CPU
	EndGlobalSection
	GlobalSection(SolutionProperties) = preSolution
		HideSolutionNode = FALSE
	EndGlobalSection
	GlobalSection(ExtensibilityGlobals) = postSolution
		SolutionGuid = {1C486611-677C-4EE6-A658-9E6BBF0C829B}
	EndGlobalSection
EndGlobal
